
Microsoft Visual Studio Solution File, Format Version 12.00
# Visual Studio Version 17
VisualStudioVersion = 17.13.35806.99
MinimumVisualStudioVersion = 10.0.40219.1
Project("{FAE04EC0-301F-11D3-BF4B-00C04F79EFBC}") = "PROGA22025", "PROGA22025.csproj", "{A6DD81F4-6B3C-4C61-95F4-6ADE3024DBF1}"
EndProject
Global
	GlobalSection(SolutionConfigurationPlatforms) = preSolution
		Debug|Any CPU = Debug|Any CPU
		Release|Any CPU = Release|Any CPU
	EndGlobalSection
	GlobalSection(ProjectConfigurationPlatforms) = postSolution
		{A6DD81F4-6B3C-4C61-95F4-6ADE3024DBF1}.Debug|Any CPU.ActiveCfg = Debug|Any CPU
		{A6DD81F4-6B3C-4C61-95F4-6ADE3024DBF1}.Debug|Any CPU.Build.0 = Debug|Any CPU
		{A6DD81F4-6B3C-4C61-95F4-6ADE3024DBF1}.Release|Any CPU.ActiveCfg = Release|Any CPU
		{A6DD81F4-6B3C-4C61-95F4-6ADE3024DBF1}.Release|Any CPU.Build.0 = Release|Any CPU
	EndGlobalSection
	GlobalSection(SolutionProperties) = preSolution
		HideSolutionNode = FALSE
	EndGlobalSection
	GlobalSection(ExtensibilityGlobals) = postSolution
		SolutionGuid = {48A23C1C-71A9-4658-B483-930AB5F16247}
	EndGlobalSection
EndGlobal
